
Microsoft Visual Studio Solution File, Format Version 12.00
# Visual Studio 15
VisualStudioVersion = 15.0.26124.0
MinimumVisualStudioVersion = 15.0.26124.0
Project("{F2A71F9B-5D33-465A-A702-920D77279786}") = "day7", "day7\day7.fsproj", "{89621E09-CFB5-42F5-B529-C03ABBE911B7}"
EndProject
Project("{F2A71F9B-5D33-465A-A702-920D77279786}") = "test", "test\test.fsproj", "{AAC52E40-BE23-418B-B34B-1B1F580FD0CE}"
EndProject
Global
	GlobalSection(SolutionConfigurationPlatforms) = preSolution
		Debug|Any CPU = Debug|Any CPU
		Debug|x64 = Debug|x64
		Debug|x86 = Debug|x86
		Release|Any CPU = Release|Any CPU
		Release|x64 = Release|x64
		Release|x86 = Release|x86
	EndGlobalSection
	GlobalSection(SolutionProperties) = preSolution
		HideSolutionNode = FALSE
	EndGlobalSection
	GlobalSection(ProjectConfigurationPlatforms) = postSolution
		{89621E09-CFB5-42F5-B529-C03ABBE911B7}.Debug|Any CPU.ActiveCfg = Debug|Any CPU
		{89621E09-CFB5-42F5-B529-C03ABBE911B7}.Debug|Any CPU.Build.0 = Debug|Any CPU
		{89621E09-CFB5-42F5-B529-C03ABBE911B7}.Debug|x64.ActiveCfg = Debug|x64
		{89621E09-CFB5-42F5-B529-C03ABBE911B7}.Debug|x64.Build.0 = Debug|x64
		{89621E09-CFB5-42F5-B529-C03ABBE911B7}.Debug|x86.ActiveCfg = Debug|x86
		{89621E09-CFB5-42F5-B529-C03ABBE911B7}.Debug|x86.Build.0 = Debug|x86
		{89621E09-CFB5-42F5-B529-C03ABBE911B7}.Release|Any CPU.ActiveCfg = Release|Any CPU
		{89621E09-CFB5-42F5-B529-C03ABBE911B7}.Release|Any CPU.Build.0 = Release|Any CPU
		{89621E09-CFB5-42F5-B529-C03ABBE911B7}.Release|x64.ActiveCfg = Release|x64
		{89621E09-CFB5-42F5-B529-C03ABBE911B7}.Release|x64.Build.0 = Release|x64
		{89621E09-CFB5-42F5-B529-C03ABBE911B7}.Release|x86.ActiveCfg = Release|x86
		{89621E09-CFB5-42F5-B529-C03ABBE911B7}.Release|x86.Build.0 = Release|x86
		{AAC52E40-BE23-418B-B34B-1B1F580FD0CE}.Debug|Any CPU.ActiveCfg = Debug|Any CPU
		{AAC52E40-BE23-418B-B34B-1B1F580FD0CE}.Debug|Any CPU.Build.0 = Debug|Any CPU
		{AAC52E40-BE23-418B-B34B-1B1F580FD0CE}.Debug|x64.ActiveCfg = Debug|x64
		{AAC52E40-BE23-418B-B34B-1B1F580FD0CE}.Debug|x64.Build.0 = Debug|x64
		{AAC52E40-BE23-418B-B34B-1B1F580FD0CE}.Debug|x86.ActiveCfg = Debug|x86
		{AAC52E40-BE23-418B-B34B-1B1F580FD0CE}.Debug|x86.Build.0 = Debug|x86
		{AAC52E40-BE23-418B-B34B-1B1F580FD0CE}.Release|Any CPU.ActiveCfg = Release|Any CPU
		{AAC52E40-BE23-418B-B34B-1B1F580FD0CE}.Release|Any CPU.Build.0 = Release|Any CPU
		{AAC52E40-BE23-418B-B34B-1B1F580FD0CE}.Release|x64.ActiveCfg = Release|x64
		{AAC52E40-BE23-418B-B34B-1B1F580FD0CE}.Release|x64.Build.0 = Release|x64
		{AAC52E40-BE23-418B-B34B-1B1F580FD0CE}.Release|x86.ActiveCfg = Release|x86
		{AAC52E40-BE23-418B-B34B-1B1F580FD0CE}.Release|x86.Build.0 = Release|x86
	EndGlobalSection
EndGlobal
